
Microsoft Visual Studio Solution File, Format Version 12.00
# Visual Studio 15
VisualStudioVersion = 15.0.28105.52
MinimumVisualStudioVersion = 10.0.40219.1
Project("{8BC9CEB8-8B4A-11D0-8D11-00A0C91BC942}") = "HTTPS_Curl_Easy", "HTTPS_Curl_Easy\HTTPS_Curl_Easy.vcxproj", "{74BC727B-6B7D-48E1-B600-6296320BC17E}"
EndProject
Project("{8BC9CEB8-8B4A-11D0-8D11-00A0C91BC942}") = "jannson_sphere", "jannson_sphere\jannson_sphere.vcxproj", "{4FEDC8AC-8B23-47E7-BE41-61EC2698A165}"
EndProject
Global
	GlobalSection(SolutionConfigurationPlatforms) = preSolution
		Debug|ARM = Debug|ARM
		Debug|x86 = Debug|x86
		MinSizeRel|ARM = MinSizeRel|ARM
		MinSizeRel|x86 = MinSizeRel|x86
		Release|ARM = Release|ARM
		Release|x86 = Release|x86
		RelWithDebInfo|ARM = RelWithDebInfo|ARM
		RelWithDebInfo|x86 = RelWithDebInfo|x86
	EndGlobalSection
	GlobalSection(ProjectConfigurationPlatforms) = postSolution
		{74BC727B-6B7D-48E1-B600-6296320BC17E}.Debug|ARM.ActiveCfg = Debug|ARM
		{74BC727B-6B7D-48E1-B600-6296320BC17E}.Debug|ARM.Build.0 = Debug|ARM
		{74BC727B-6B7D-48E1-B600-6296320BC17E}.Debug|x86.ActiveCfg = Debug|ARM
		{74BC727B-6B7D-48E1-B600-6296320BC17E}.MinSizeRel|ARM.ActiveCfg = Release|ARM
		{74BC727B-6B7D-48E1-B600-6296320BC17E}.MinSizeRel|ARM.Build.0 = Release|ARM
		{74BC727B-6B7D-48E1-B600-6296320BC17E}.MinSizeRel|x86.ActiveCfg = Release|ARM
		{74BC727B-6B7D-48E1-B600-6296320BC17E}.MinSizeRel|x86.Build.0 = Release|ARM
		{74BC727B-6B7D-48E1-B600-6296320BC17E}.Release|ARM.ActiveCfg = Release|ARM
		{74BC727B-6B7D-48E1-B600-6296320BC17E}.Release|ARM.Build.0 = Release|ARM
		{74BC727B-6B7D-48E1-B600-6296320BC17E}.Release|x86.ActiveCfg = Release|ARM
		{74BC727B-6B7D-48E1-B600-6296320BC17E}.RelWithDebInfo|ARM.ActiveCfg = Release|ARM
		{74BC727B-6B7D-48E1-B600-6296320BC17E}.RelWithDebInfo|ARM.Build.0 = Release|ARM
		{74BC727B-6B7D-48E1-B600-6296320BC17E}.RelWithDebInfo|x86.ActiveCfg = Release|ARM
		{74BC727B-6B7D-48E1-B600-6296320BC17E}.RelWithDebInfo|x86.Build.0 = Release|ARM
		{4FEDC8AC-8B23-47E7-BE41-61EC2698A165}.Debug|ARM.ActiveCfg = Debug|ARM
		{4FEDC8AC-8B23-47E7-BE41-61EC2698A165}.Debug|ARM.Build.0 = Debug|ARM
		{4FEDC8AC-8B23-47E7-BE41-61EC2698A165}.Debug|x86.ActiveCfg = Debug|ARM
		{4FEDC8AC-8B23-47E7-BE41-61EC2698A165}.MinSizeRel|ARM.ActiveCfg = Release|ARM
		{4FEDC8AC-8B23-47E7-BE41-61EC2698A165}.MinSizeRel|ARM.Build.0 = Release|ARM
		{4FEDC8AC-8B23-47E7-BE41-61EC2698A165}.MinSizeRel|x86.ActiveCfg = Release|ARM
		{4FEDC8AC-8B23-47E7-BE41-61EC2698A165}.MinSizeRel|x86.Build.0 = Release|ARM
		{4FEDC8AC-8B23-47E7-BE41-61EC2698A165}.Release|ARM.ActiveCfg = Release|ARM
		{4FEDC8AC-8B23-47E7-BE41-61EC2698A165}.Release|ARM.Build.0 = Release|ARM
		{4FEDC8AC-8B23-47E7-BE41-61EC2698A165}.Release|x86.ActiveCfg = Release|ARM
		{4FEDC8AC-8B23-47E7-BE41-61EC2698A165}.RelWithDebInfo|ARM.ActiveCfg = Release|ARM
		{4FEDC8AC-8B23-47E7-BE41-61EC2698A165}.RelWithDebInfo|ARM.Build.0 = Release|ARM
		{4FEDC8AC-8B23-47E7-BE41-61EC2698A165}.RelWithDebInfo|x86.ActiveCfg = Release|ARM
		{4FEDC8AC-8B23-47E7-BE41-61EC2698A165}.RelWithDebInfo|x86.Build.0 = Release|ARM
	EndGlobalSection
	GlobalSection(SolutionProperties) = preSolution
		HideSolutionNode = FALSE
	EndGlobalSection
	GlobalSection(ExtensibilityGlobals) = postSolution
		SolutionGuid = {E48DFA9C-552D-4B6A-B07B-F10609A588E3}
	EndGlobalSection
EndGlobal
